{
  "version": "5",
  "specifiers": {
    "jsr:@std/cli@1.0.17": "1.0.17",
    "jsr:@std/dotenv@0.225.6": "0.225.6"
  },
  "jsr": {
    "@std/cli@1.0.17": {
      "integrity": "e15b9abe629e17be90cc6216327f03a29eae613365f1353837fa749aad29ce7b"
    },
    "@std/dotenv@0.225.6": {
      "integrity": "1d6f9db72f565bd26790fa034c26e45ecb260b5245417be76c2279e5734c421b"
    }
  },
  "workspace": {
    "dependencies": [
      "jsr:@std/cli@1.0.17",
      "jsr:@std/cli@^1.0.17",
      "jsr:@std/dotenv@0.225.6",
      "jsr:@std/dotenv@~0.225.6"
    ]
  }
}
